
Microsoft Visual Studio Solution File, Format Version 12.00
# Visual Studio 15
VisualStudioVersion = 15.0.28307.271
MinimumVisualStudioVersion = 10.0.40219.1
Project("{FAE04EC0-301F-11D3-BF4B-00C04F79EFBC}") = "WpfValidationSample", "WpfValidationSample\WpfValidationSample.csproj", "{5145835E-B952-46BA-ADDD-CA1D2CDDE826}"
EndProject
Global
	GlobalSection(SolutionConfigurationPlatforms) = preSolution
		Debug|Any CPU = Debug|Any CPU
		Release|Any CPU = Release|Any CPU
	EndGlobalSection
	GlobalSection(ProjectConfigurationPlatforms) = postSolution
		{5145835E-B952-46BA-ADDD-CA1D2CDDE826}.Debug|Any CPU.ActiveCfg = Debug|Any CPU
		{5145835E-B952-46BA-ADDD-CA1D2CDDE826}.Debug|Any CPU.Build.0 = Debug|Any CPU
		{5145835E-B952-46BA-ADDD-CA1D2CDDE826}.Release|Any CPU.ActiveCfg = Release|Any CPU
		{5145835E-B952-46BA-ADDD-CA1D2CDDE826}.Release|Any CPU.Build.0 = Release|Any CPU
	EndGlobalSection
	GlobalSection(SolutionProperties) = preSolution
		HideSolutionNode = FALSE
	EndGlobalSection
	GlobalSection(ExtensibilityGlobals) = postSolution
		SolutionGuid = {0F1651D1-061F-4451-B944-2CB2949DA2F0}
	EndGlobalSection
EndGlobal
